
Microsoft Visual Studio Solution File, Format Version 12.00
# Visual Studio Version 16
VisualStudioVersion = 16.0.31025.194
MinimumVisualStudioVersion = 10.0.40219.1
Project("{888888A0-9F3D-457C-B088-3A5042F75D52}") = "BreastCancerDL", "BreastCancerDL.pyproj", "{05493ED7-33E6-40A8-BF5B-AF0FB7D98839}"
EndProject
Global
	GlobalSection(SolutionConfigurationPlatforms) = preSolution
		Debug|Any CPU = Debug|Any CPU
		Release|Any CPU = Release|Any CPU
	EndGlobalSection
	GlobalSection(ProjectConfigurationPlatforms) = postSolution
		{05493ED7-33E6-40A8-BF5B-AF0FB7D98839}.Debug|Any CPU.ActiveCfg = Debug|Any CPU
		{05493ED7-33E6-40A8-BF5B-AF0FB7D98839}.Release|Any CPU.ActiveCfg = Release|Any CPU
	EndGlobalSection
	GlobalSection(SolutionProperties) = preSolution
		HideSolutionNode = FALSE
	EndGlobalSection
	GlobalSection(ExtensibilityGlobals) = postSolution
		SolutionGuid = {B7AC626D-D17C-4207-A965-4618C58F0E1A}
	EndGlobalSection
EndGlobal
